// !$*UTF8*$!
{
	archiveVersion = 1;
	classes = {
	};
	objectVersion = 56;
	objects = {

/* Begin PBXBuildFile section */
		C741F6702B58F00500A4DDC0 /* Weather.swift in Sources */ = {isa = PBXBuildFile; fileRef = C741F66F2B58F00500A4DDC0 /* Weather.swift */; };
		C7743D8D2B21C38100DF0D09 /* AppDelegate.swift in Sources */ = {isa = PBXBuildFile; fileRef = C7743D8C2B21C38100DF0D09 /* AppDelegate.swift */; };
		C7743D8F2B21C38100DF0D09 /* SceneDelegate.swift in Sources */ = {isa = PBXBuildFile; fileRef = C7743D8E2B21C38100DF0D09 /* SceneDelegate.swift */; };
		C7743D912B21C38100DF0D09 /* WeatherViewController.swift in Sources */ = {isa = PBXBuildFile; fileRef = C7743D902B21C38100DF0D09 /* WeatherViewController.swift */; };
		C7743D962B21C38200DF0D09 /* Assets.xcassets in Resources */ = {isa = PBXBuildFile; fileRef = C7743D952B21C38200DF0D09 /* Assets.xcassets */; };
		C7743D992B21C38200DF0D09 /* LaunchScreen.storyboard in Resources */ = {isa = PBXBuildFile; fileRef = C7743D972B21C38200DF0D09 /* LaunchScreen.storyboard */; };
		C7743DA12B21C3B400DF0D09 /* WeatherTableViewCell.swift in Sources */ = {isa = PBXBuildFile; fileRef = C7743DA02B21C3B400DF0D09 /* WeatherTableViewCell.swift */; };
		C7743DA32B21CA8600DF0D09 /* WeatherDetailViewController.swift in Sources */ = {isa = PBXBuildFile; fileRef = C7743DA22B21CA8500DF0D09 /* WeatherDetailViewController.swift */; };
		D4707EB02BCFACA900742016 /* TempUnit.swift in Sources */ = {isa = PBXBuildFile; fileRef = D4707EAF2BCFACA900742016 /* TempUnit.swift */; };
		D4707EB22BCFB6E300742016 /* UIImageView+extension.swift in Sources */ = {isa = PBXBuildFile; fileRef = D4707EB12BCFB6E300742016 /* UIImageView+extension.swift */; };
		D49CA5C32BD22372000C36AF /* TempFormatter.swift in Sources */ = {isa = PBXBuildFile; fileRef = D49CA5C22BD22372000C36AF /* TempFormatter.swift */; };
		D49CA5D22BD22FEA000C36AF /* NetworkError.swift in Sources */ = {isa = PBXBuildFile; fileRef = D49CA5D12BD22FEA000C36AF /* NetworkError.swift */; };
		D49CA5D42BD23378000C36AF /* Util.swift in Sources */ = {isa = PBXBuildFile; fileRef = D49CA5D32BD23378000C36AF /* Util.swift */; };
		D4C5F2CD2BCCFD88008055B5 /* Date+extension.swift in Sources */ = {isa = PBXBuildFile; fileRef = D4C5F2CC2BCCFD88008055B5 /* Date+extension.swift */; };
		D4C5F2D42BCF8F80008055B5 /* WeatherView.swift in Sources */ = {isa = PBXBuildFile; fileRef = D4C5F2D32BCF8F80008055B5 /* WeatherView.swift */; };
		D4C5F2D82BCF98C3008055B5 /* WeatherDetailView.swift in Sources */ = {isa = PBXBuildFile; fileRef = D4C5F2D72BCF98C3008055B5 /* WeatherDetailView.swift */; };
		D4C5F2DA2BCF9BB4008055B5 /* WeatherAPI.swift in Sources */ = {isa = PBXBuildFile; fileRef = D4C5F2D92BCF9BB4008055B5 /* WeatherAPI.swift */; };
		D4C5F2DC2BCF9E18008055B5 /* DIContainer.swift in Sources */ = {isa = PBXBuildFile; fileRef = D4C5F2DB2BCF9E18008055B5 /* DIContainer.swift */; };
/* End PBXBuildFile section */

/* Begin PBXContainerItemProxy section */
		D49CA5CC2BD22AAF000C36AF /* PBXContainerItemProxy */ = {
			isa = PBXContainerItemProxy;
			containerPortal = C7743D812B21C38100DF0D09 /* Project object */;
			proxyType = 1;
			remoteGlobalIDString = C7743D882B21C38100DF0D09;
			remoteInfo = WeatherForecast;
		};
/* End PBXContainerItemProxy section */

/* Begin PBXFileReference section */
		C741F66F2B58F00500A4DDC0 /* Weather.swift */ = {isa = PBXFileReference; lastKnownFileType = sourcecode.swift; path = Weather.swift; sourceTree = "<group>"; };
		C7743D892B21C38100DF0D09 /* WeatherForecast.app */ = {isa = PBXFileReference; explicitFileType = wrapper.application; includeInIndex = 0; path = WeatherForecast.app; sourceTree = BUILT_PRODUCTS_DIR; };
		C7743D8C2B21C38100DF0D09 /* AppDelegate.swift */ = {isa = PBXFileReference; lastKnownFileType = sourcecode.swift; path = AppDelegate.swift; sourceTree = "<group>"; };
		C7743D8E2B21C38100DF0D09 /* SceneDelegate.swift */ = {isa = PBXFileReference; lastKnownFileType = sourcecode.swift; path = SceneDelegate.swift; sourceTree = "<group>"; };
		C7743D902B21C38100DF0D09 /* WeatherViewController.swift */ = {isa = PBXFileReference; lastKnownFileType = sourcecode.swift; path = WeatherViewController.swift; sourceTree = "<group>"; };
		C7743D952B21C38200DF0D09 /* Assets.xcassets */ = {isa = PBXFileReference; lastKnownFileType = folder.assetcatalog; path = Assets.xcassets; sourceTree = "<group>"; };
		C7743D982B21C38200DF0D09 /* Base */ = {isa = PBXFileReference; lastKnownFileType = file.storyboard; name = Base; path = Base.lproj/LaunchScreen.storyboard; sourceTree = "<group>"; };
		C7743D9A2B21C38200DF0D09 /* Info.plist */ = {isa = PBXFileReference; lastKnownFileType = text.plist.xml; path = Info.plist; sourceTree = "<group>"; };
		C7743DA02B21C3B400DF0D09 /* WeatherTableViewCell.swift */ = {isa = PBXFileReference; lastKnownFileType = sourcecode.swift; path = WeatherTableViewCell.swift; sourceTree = "<group>"; };
		C7743DA22B21CA8500DF0D09 /* WeatherDetailViewController.swift */ = {isa = PBXFileReference; lastKnownFileType = sourcecode.swift; path = WeatherDetailViewController.swift; sourceTree = "<group>"; };
		D4707EAF2BCFACA900742016 /* TempUnit.swift */ = {isa = PBXFileReference; lastKnownFileType = sourcecode.swift; path = TempUnit.swift; sourceTree = "<group>"; };
		D4707EB12BCFB6E300742016 /* UIImageView+extension.swift */ = {isa = PBXFileReference; lastKnownFileType = sourcecode.swift; path = "UIImageView+extension.swift"; sourceTree = "<group>"; };
		D49CA5C22BD22372000C36AF /* TempFormatter.swift */ = {isa = PBXFileReference; lastKnownFileType = sourcecode.swift; path = TempFormatter.swift; sourceTree = "<group>"; };
		D49CA5C82BD22AAF000C36AF /* WeatherForecastTests.xctest */ = {isa = PBXFileReference; explicitFileType = wrapper.cfbundle; includeInIndex = 0; path = WeatherForecastTests.xctest; sourceTree = BUILT_PRODUCTS_DIR; };
		D49CA5D12BD22FEA000C36AF /* NetworkError.swift */ = {isa = PBXFileReference; lastKnownFileType = sourcecode.swift; path = NetworkError.swift; sourceTree = "<group>"; };
		D49CA5D32BD23378000C36AF /* Util.swift */ = {isa = PBXFileReference; lastKnownFileType = sourcecode.swift; path = Util.swift; sourceTree = "<group>"; };
		D4C5F2CC2BCCFD88008055B5 /* Date+extension.swift */ = {isa = PBXFileReference; lastKnownFileType = sourcecode.swift; path = "Date+extension.swift"; sourceTree = "<group>"; };
		D4C5F2D32BCF8F80008055B5 /* WeatherView.swift */ = {isa = PBXFileReference; lastKnownFileType = sourcecode.swift; path = WeatherView.swift; sourceTree = "<group>"; };
		D4C5F2D72BCF98C3008055B5 /* WeatherDetailView.swift */ = {isa = PBXFileReference; lastKnownFileType = sourcecode.swift; path = WeatherDetailView.swift; sourceTree = "<group>"; };
		D4C5F2D92BCF9BB4008055B5 /* WeatherAPI.swift */ = {isa = PBXFileReference; lastKnownFileType = sourcecode.swift; path = WeatherAPI.swift; sourceTree = "<group>"; };
		D4C5F2DB2BCF9E18008055B5 /* DIContainer.swift */ = {isa = PBXFileReference; lastKnownFileType = sourcecode.swift; path = DIContainer.swift; sourceTree = "<group>"; };
/* End PBXFileReference section */

/* Begin PBXFrameworksBuildPhase section */
		C7743D862B21C38100DF0D09 /* Frameworks */ = {
			isa = PBXFrameworksBuildPhase;
			buildActionMask = 2147483647;
			files = (
			);
			runOnlyForDeploymentPostprocessing = 0;
		};
		D49CA5C52BD22AAF000C36AF /* Frameworks */ = {
			isa = PBXFrameworksBuildPhase;
			buildActionMask = 2147483647;
			files = (
			);
			runOnlyForDeploymentPostprocessing = 0;
		};
/* End PBXFrameworksBuildPhase section */

/* Begin PBXGroup section */
		C7743D802B21C38100DF0D09 = {
			isa = PBXGroup;
			children = (
				C7743D8B2B21C38100DF0D09 /* WeatherForecast */,
				C7743D8A2B21C38100DF0D09 /* Products */,
			);
			sourceTree = "<group>";
		};
		C7743D8A2B21C38100DF0D09 /* Products */ = {
			isa = PBXGroup;
			children = (
				C7743D892B21C38100DF0D09 /* WeatherForecast.app */,
				D49CA5C82BD22AAF000C36AF /* WeatherForecastTests.xctest */,
			);
			name = Products;
			sourceTree = "<group>";
		};
		C7743D8B2B21C38100DF0D09 /* WeatherForecast */ = {
			isa = PBXGroup;
			children = (
				C7743D8C2B21C38100DF0D09 /* AppDelegate.swift */,
				C7743D8E2B21C38100DF0D09 /* SceneDelegate.swift */,
				D4C5F2DD2BCFA01A008055B5 /* Extension */,
				D4C5F2DB2BCF9E18008055B5 /* DIContainer.swift */,
				D4C5F2D92BCF9BB4008055B5 /* WeatherAPI.swift */,
				D49CA5D12BD22FEA000C36AF /* NetworkError.swift */,
				D49CA5D32BD23378000C36AF /* Util.swift */,
				D4C5F2D52BCF989F008055B5 /* Model */,
				D4C5F2D22BCF8F6E008055B5 /* Weather */,
				D4C5F2D62BCF98AE008055B5 /* WeatherDetail */,
				C7743D952B21C38200DF0D09 /* Assets.xcassets */,
				C7743D972B21C38200DF0D09 /* LaunchScreen.storyboard */,
				C7743D9A2B21C38200DF0D09 /* Info.plist */,
			);
			path = WeatherForecast;
			sourceTree = "<group>";
		};
		D4C5F2D22BCF8F6E008055B5 /* Weather */ = {
			isa = PBXGroup;
			children = (
				C7743D902B21C38100DF0D09 /* WeatherViewController.swift */,
				D4C5F2D32BCF8F80008055B5 /* WeatherView.swift */,
				C7743DA02B21C3B400DF0D09 /* WeatherTableViewCell.swift */,
			);
			path = Weather;
			sourceTree = "<group>";
		};
		D4C5F2D52BCF989F008055B5 /* Model */ = {
			isa = PBXGroup;
			children = (
				C741F66F2B58F00500A4DDC0 /* Weather.swift */,
				D4707EAF2BCFACA900742016 /* TempUnit.swift */,
				D49CA5C22BD22372000C36AF /* TempFormatter.swift */,
			);
			path = Model;
			sourceTree = "<group>";
		};
		D4C5F2D62BCF98AE008055B5 /* WeatherDetail */ = {
			isa = PBXGroup;
			children = (
				C7743DA22B21CA8500DF0D09 /* WeatherDetailViewController.swift */,
				D4C5F2D72BCF98C3008055B5 /* WeatherDetailView.swift */,
			);
			path = WeatherDetail;
			sourceTree = "<group>";
		};
		D4C5F2DD2BCFA01A008055B5 /* Extension */ = {
			isa = PBXGroup;
			children = (
				D4C5F2CC2BCCFD88008055B5 /* Date+extension.swift */,
				D4707EB12BCFB6E300742016 /* UIImageView+extension.swift */,
			);
			path = Extension;
			sourceTree = "<group>";
		};
/* End PBXGroup section */

/* Begin PBXNativeTarget section */
		C7743D882B21C38100DF0D09 /* WeatherForecast */ = {
			isa = PBXNativeTarget;
			buildConfigurationList = C7743D9D2B21C38200DF0D09 /* Build configuration list for PBXNativeTarget "WeatherForecast" */;
			buildPhases = (
				C7743D852B21C38100DF0D09 /* Sources */,
				C7743D862B21C38100DF0D09 /* Frameworks */,
				C7743D872B21C38100DF0D09 /* Resources */,
			);
			buildRules = (
			);
			dependencies = (
			);
			name = WeatherForecast;
			productName = WeatherForecast;
			productReference = C7743D892B21C38100DF0D09 /* WeatherForecast.app */;
			productType = "com.apple.product-type.application";
		};
		D49CA5C72BD22AAF000C36AF /* WeatherForecastTests */ = {
			isa = PBXNativeTarget;
			buildConfigurationList = D49CA5CE2BD22AAF000C36AF /* Build configuration list for PBXNativeTarget "WeatherForecastTests" */;
			buildPhases = (
				D49CA5C42BD22AAF000C36AF /* Sources */,
				D49CA5C52BD22AAF000C36AF /* Frameworks */,
				D49CA5C62BD22AAF000C36AF /* Resources */,
			);
			buildRules = (
			);
			dependencies = (
				D49CA5CD2BD22AAF000C36AF /* PBXTargetDependency */,
			);
			name = WeatherForecastTests;
			productName = WeatherForecastTests;
			productReference = D49CA5C82BD22AAF000C36AF /* WeatherForecastTests.xctest */;
			productType = "com.apple.product-type.bundle.unit-test";
		};
/* End PBXNativeTarget section */

/* Begin PBXProject section */
		C7743D812B21C38100DF0D09 /* Project object */ = {
			isa = PBXProject;
			attributes = {
				BuildIndependentTargetsInParallel = 1;
				LastSwiftUpdateCheck = 1530;
				LastUpgradeCheck = 1500;
				TargetAttributes = {
					C7743D882B21C38100DF0D09 = {
						CreatedOnToolsVersion = 15.0.1;
					};
					D49CA5C72BD22AAF000C36AF = {
						CreatedOnToolsVersion = 15.3;
						TestTargetID = C7743D882B21C38100DF0D09;
					};
				};
			};
			buildConfigurationList = C7743D842B21C38100DF0D09 /* Build configuration list for PBXProject "WeatherForecast" */;
			compatibilityVersion = "Xcode 14.0";
			developmentRegion = en;
			hasScannedForEncodings = 0;
			knownRegions = (
				en,
				Base,
			);
			mainGroup = C7743D802B21C38100DF0D09;
			productRefGroup = C7743D8A2B21C38100DF0D09 /* Products */;
			projectDirPath = "";
			projectRoot = "";
			targets = (
				C7743D882B21C38100DF0D09 /* WeatherForecast */,
				D49CA5C72BD22AAF000C36AF /* WeatherForecastTests */,
			);
		};
/* End PBXProject section */

/* Begin PBXResourcesBuildPhase section */
		C7743D872B21C38100DF0D09 /* Resources */ = {
			isa = PBXResourcesBuildPhase;
			buildActionMask = 2147483647;
			files = (
				C7743D992B21C38200DF0D09 /* LaunchScreen.storyboard in Resources */,
				C7743D962B21C38200DF0D09 /* Assets.xcassets in Resources */,
			);
			runOnlyForDeploymentPostprocessing = 0;
		};
		D49CA5C62BD22AAF000C36AF /* Resources */ = {
			isa = PBXResourcesBuildPhase;
			buildActionMask = 2147483647;
			files = (
			);
			runOnlyForDeploymentPostprocessing = 0;
		};
/* End PBXResourcesBuildPhase section */

/* Begin PBXSourcesBuildPhase section */
		C7743D852B21C38100DF0D09 /* Sources */ = {
			isa = PBXSourcesBuildPhase;
			buildActionMask = 2147483647;
			files = (
				C7743DA12B21C3B400DF0D09 /* WeatherTableViewCell.swift in Sources */,
				D49CA5D22BD22FEA000C36AF /* NetworkError.swift in Sources */,
				D4C5F2DC2BCF9E18008055B5 /* DIContainer.swift in Sources */,
				D49CA5C32BD22372000C36AF /* TempFormatter.swift in Sources */,
				C7743D912B21C38100DF0D09 /* WeatherViewController.swift in Sources */,
				C7743D8D2B21C38100DF0D09 /* AppDelegate.swift in Sources */,
				C7743DA32B21CA8600DF0D09 /* WeatherDetailViewController.swift in Sources */,
				D49CA5D42BD23378000C36AF /* Util.swift in Sources */,
				C741F6702B58F00500A4DDC0 /* Weather.swift in Sources */,
				D4707EB22BCFB6E300742016 /* UIImageView+extension.swift in Sources */,
				C7743D8F2B21C38100DF0D09 /* SceneDelegate.swift in Sources */,
				D4707EB02BCFACA900742016 /* TempUnit.swift in Sources */,
				D4C5F2D82BCF98C3008055B5 /* WeatherDetailView.swift in Sources */,
				D4C5F2DA2BCF9BB4008055B5 /* WeatherAPI.swift in Sources */,
				D4C5F2CD2BCCFD88008055B5 /* Date+extension.swift in Sources */,
				D4C5F2D42BCF8F80008055B5 /* WeatherView.swift in Sources */,
			);
			runOnlyForDeploymentPostprocessing = 0;
		};
		D49CA5C42BD22AAF000C36AF /* Sources */ = {
			isa = PBXSourcesBuildPhase;
			buildActionMask = 2147483647;
			files = (
			);
			runOnlyForDeploymentPostprocessing = 0;
		};
/* End PBXSourcesBuildPhase section */

/* Begin PBXTargetDependency section */
		D49CA5CD2BD22AAF000C36AF /* PBXTargetDependency */ = {
			isa = PBXTargetDependency;
			target = C7743D882B21C38100DF0D09 /* WeatherForecast */;
			targetProxy = D49CA5CC2BD22AAF000C36AF /* PBXContainerItemProxy */;
		};
/* End PBXTargetDependency section */

/* Begin PBXVariantGroup section */
		C7743D972B21C38200DF0D09 /* LaunchScreen.storyboard */ = {
			isa = PBXVariantGroup;
			children = (
				C7743D982B21C38200DF0D09 /* Base */,
			);
			name = LaunchScreen.storyboard;
			sourceTree = "<group>";
		};
/* End PBXVariantGroup section */

/* Begin XCBuildConfiguration section */
		C7743D9B2B21C38200DF0D09 /* Debug */ = {
			isa = XCBuildConfiguration;
			buildSettings = {
				ALWAYS_SEARCH_USER_PATHS = NO;
				ASSETCATALOG_COMPILER_GENERATE_SWIFT_ASSET_SYMBOL_EXTENSIONS = YES;
				CLANG_ANALYZER_NONNULL = YES;
				CLANG_ANALYZER_NUMBER_OBJECT_CONVERSION = YES_AGGRESSIVE;
				CLANG_CXX_LANGUAGE_STANDARD = "gnu++20";
				CLANG_ENABLE_MODULES = YES;
				CLANG_ENABLE_OBJC_ARC = YES;
				CLANG_ENABLE_OBJC_WEAK = YES;
				CLANG_WARN_BLOCK_CAPTURE_AUTORELEASING = YES;
				CLANG_WARN_BOOL_CONVERSION = YES;
				CLANG_WARN_COMMA = YES;
				CLANG_WARN_CONSTANT_CONVERSION = YES;
				CLANG_WARN_DEPRECATED_OBJC_IMPLEMENTATIONS = YES;
				CLANG_WARN_DIRECT_OBJC_ISA_USAGE = YES_ERROR;
				CLANG_WARN_DOCUMENTATION_COMMENTS = YES;
				CLANG_WARN_EMPTY_BODY = YES;
				CLANG_WARN_ENUM_CONVERSION = YES;
				CLANG_WARN_INFINITE_RECURSION = YES;
				CLANG_WARN_INT_CONVERSION = YES;
				CLANG_WARN_NON_LITERAL_NULL_CONVERSION = YES;
				CLANG_WARN_OBJC_IMPLICIT_RETAIN_SELF = YES;
				CLANG_WARN_OBJC_LITERAL_CONVERSION = YES;
				CLANG_WARN_OBJC_ROOT_CLASS = YES_ERROR;
				CLANG_WARN_QUOTED_INCLUDE_IN_FRAMEWORK_HEADER = YES;
				CLANG_WARN_RANGE_LOOP_ANALYSIS = YES;
				CLANG_WARN_STRICT_PROTOTYPES = YES;
				CLANG_WARN_SUSPICIOUS_MOVE = YES;
				CLANG_WARN_UNGUARDED_AVAILABILITY = YES_AGGRESSIVE;
				CLANG_WARN_UNREACHABLE_CODE = YES;
				CLANG_WARN__DUPLICATE_METHOD_MATCH = YES;
				COPY_PHASE_STRIP = NO;
				DEBUG_INFORMATION_FORMAT = dwarf;
				ENABLE_STRICT_OBJC_MSGSEND = YES;
				ENABLE_TESTABILITY = YES;
				ENABLE_USER_SCRIPT_SANDBOXING = YES;
				GCC_C_LANGUAGE_STANDARD = gnu17;
				GCC_DYNAMIC_NO_PIC = NO;
				GCC_NO_COMMON_BLOCKS = YES;
				GCC_OPTIMIZATION_LEVEL = 0;
				GCC_PREPROCESSOR_DEFINITIONS = (
					"DEBUG=1",
					"$(inherited)",
				);
				GCC_WARN_64_TO_32_BIT_CONVERSION = YES;
				GCC_WARN_ABOUT_RETURN_TYPE = YES_ERROR;
				GCC_WARN_UNDECLARED_SELECTOR = YES;
				GCC_WARN_UNINITIALIZED_AUTOS = YES_AGGRESSIVE;
				GCC_WARN_UNUSED_FUNCTION = YES;
				GCC_WARN_UNUSED_VARIABLE = YES;
				IPHONEOS_DEPLOYMENT_TARGET = 16.0;
				LOCALIZATION_PREFERS_STRING_CATALOGS = YES;
				MTL_ENABLE_DEBUG_INFO = INCLUDE_SOURCE;
				MTL_FAST_MATH = YES;
				ONLY_ACTIVE_ARCH = YES;
				SDKROOT = iphoneos;
				SWIFT_ACTIVE_COMPILATION_CONDITIONS = "DEBUG $(inherited)";
				SWIFT_OPTIMIZATION_LEVEL = "-Onone";
			};
			name = Debug;
		};
		C7743D9C2B21C38200DF0D09 /* Release */ = {
			isa = XCBuildConfiguration;
			buildSettings = {
				ALWAYS_SEARCH_USER_PATHS = NO;
				ASSETCATALOG_COMPILER_GENERATE_SWIFT_ASSET_SYMBOL_EXTENSIONS = YES;
				CLANG_ANALYZER_NONNULL = YES;
				CLANG_ANALYZER_NUMBER_OBJECT_CONVERSION = YES_AGGRESSIVE;
				CLANG_CXX_LANGUAGE_STANDARD = "gnu++20";
				CLANG_ENABLE_MODULES = YES;
				CLANG_ENABLE_OBJC_ARC = YES;
				CLANG_ENABLE_OBJC_WEAK = YES;
				CLANG_WARN_BLOCK_CAPTURE_AUTORELEASING = YES;
				CLANG_WARN_BOOL_CONVERSION = YES;
				CLANG_WARN_COMMA = YES;
				CLANG_WARN_CONSTANT_CONVERSION = YES;
				CLANG_WARN_DEPRECATED_OBJC_IMPLEMENTATIONS = YES;
				CLANG_WARN_DIRECT_OBJC_ISA_USAGE = YES_ERROR;
				CLANG_WARN_DOCUMENTATION_COMMENTS = YES;
				CLANG_WARN_EMPTY_BODY = YES;
				CLANG_WARN_ENUM_CONVERSION = YES;
				CLANG_WARN_INFINITE_RECURSION = YES;
				CLANG_WARN_INT_CONVERSION = YES;
				CLANG_WARN_NON_LITERAL_NULL_CONVERSION = YES;
				CLANG_WARN_OBJC_IMPLICIT_RETAIN_SELF = YES;
				CLANG_WARN_OBJC_LITERAL_CONVERSION = YES;
				CLANG_WARN_OBJC_ROOT_CLASS = YES_ERROR;
				CLANG_WARN_QUOTED_INCLUDE_IN_FRAMEWORK_HEADER = YES;
				CLANG_WARN_RANGE_LOOP_ANALYSIS = YES;
				CLANG_WARN_STRICT_PROTOTYPES = YES;
				CLANG_WARN_SUSPICIOUS_MOVE = YES;
				CLANG_WARN_UNGUARDED_AVAILABILITY = YES_AGGRESSIVE;
				CLANG_WARN_UNREACHABLE_CODE = YES;
				CLANG_WARN__DUPLICATE_METHOD_MATCH = YES;
				COPY_PHASE_STRIP = NO;
				DEBUG_INFORMATION_FORMAT = "dwarf-with-dsym";
				ENABLE_NS_ASSERTIONS = NO;
				ENABLE_STRICT_OBJC_MSGSEND = YES;
				ENABLE_USER_SCRIPT_SANDBOXING = YES;
				GCC_C_LANGUAGE_STANDARD = gnu17;
				GCC_NO_COMMON_BLOCKS = YES;
				GCC_WARN_64_TO_32_BIT_CONVERSION = YES;
				GCC_WARN_ABOUT_RETURN_TYPE = YES_ERROR;
				GCC_WARN_UNDECLARED_SELECTOR = YES;
				GCC_WARN_UNINITIALIZED_AUTOS = YES_AGGRESSIVE;
				GCC_WARN_UNUSED_FUNCTION = YES;
				GCC_WARN_UNUSED_VARIABLE = YES;
				IPHONEOS_DEPLOYMENT_TARGET = 16.0;
				LOCALIZATION_PREFERS_STRING_CATALOGS = YES;
				MTL_ENABLE_DEBUG_INFO = NO;
				MTL_FAST_MATH = YES;
				SDKROOT = iphoneos;
				SWIFT_COMPILATION_MODE = wholemodule;
				VALIDATE_PRODUCT = YES;
			};
			name = Release;
		};
		C7743D9E2B21C38200DF0D09 /* Debug */ = {
			isa = XCBuildConfiguration;
			buildSettings = {
				ASSETCATALOG_COMPILER_APPICON_NAME = AppIcon;
				ASSETCATALOG_COMPILER_GLOBAL_ACCENT_COLOR_NAME = AccentColor;
				CODE_SIGN_STYLE = Automatic;
				CURRENT_PROJECT_VERSION = 1;
				GENERATE_INFOPLIST_FILE = YES;
				INFOPLIST_FILE = WeatherForecast/Info.plist;
				INFOPLIST_KEY_UIApplicationSupportsIndirectInputEvents = YES;
				INFOPLIST_KEY_UILaunchStoryboardName = LaunchScreen;
				INFOPLIST_KEY_UIMainStoryboardFile = "";
				INFOPLIST_KEY_UISupportedInterfaceOrientations = UIInterfaceOrientationPortrait;
				INFOPLIST_KEY_UISupportedInterfaceOrientations_iPad = "UIInterfaceOrientationPortrait UIInterfaceOrientationPortraitUpsideDown";
				LD_RUNPATH_SEARCH_PATHS = (
					"$(inherited)",
					"@executable_path/Frameworks",
				);
				MARKETING_VERSION = 1.0;
				PRODUCT_BUNDLE_IDENTIFIER = "kr.yagom-academy.WeatherForecast";
				PRODUCT_NAME = "$(TARGET_NAME)";
				SWIFT_EMIT_LOC_STRINGS = YES;
				SWIFT_VERSION = 5.0;
				TARGETED_DEVICE_FAMILY = "1,2";
			};
			name = Debug;
		};
		C7743D9F2B21C38200DF0D09 /* Release */ = {
			isa = XCBuildConfiguration;
			buildSettings = {
				ASSETCATALOG_COMPILER_APPICON_NAME = AppIcon;
				ASSETCATALOG_COMPILER_GLOBAL_ACCENT_COLOR_NAME = AccentColor;
				CODE_SIGN_STYLE = Automatic;
				CURRENT_PROJECT_VERSION = 1;
				GENERATE_INFOPLIST_FILE = YES;
				INFOPLIST_FILE = WeatherForecast/Info.plist;
				INFOPLIST_KEY_UIApplicationSupportsIndirectInputEvents = YES;
				INFOPLIST_KEY_UILaunchStoryboardName = LaunchScreen;
				INFOPLIST_KEY_UIMainStoryboardFile = "";
				INFOPLIST_KEY_UISupportedInterfaceOrientations = UIInterfaceOrientationPortrait;
				INFOPLIST_KEY_UISupportedInterfaceOrientations_iPad = "UIInterfaceOrientationPortrait UIInterfaceOrientationPortraitUpsideDown";
				LD_RUNPATH_SEARCH_PATHS = (
					"$(inherited)",
					"@executable_path/Frameworks",
				);
				MARKETING_VERSION = 1.0;
				PRODUCT_BUNDLE_IDENTIFIER = "kr.yagom-academy.WeatherForecast";
				PRODUCT_NAME = "$(TARGET_NAME)";
				SWIFT_EMIT_LOC_STRINGS = YES;
				SWIFT_VERSION = 5.0;
				TARGETED_DEVICE_FAMILY = "1,2";
			};
			name = Release;
		};
		D49CA5CF2BD22AAF000C36AF /* Debug */ = {
			isa = XCBuildConfiguration;
			buildSettings = {
				BUNDLE_LOADER = "$(TEST_HOST)";
				CODE_SIGN_STYLE = Automatic;
				CURRENT_PROJECT_VERSION = 1;
				DEVELOPMENT_TEAM = 6XGK99YX4F;
				GENERATE_INFOPLIST_FILE = YES;
				IPHONEOS_DEPLOYMENT_TARGET = 17.4;
				MARKETING_VERSION = 1.0;
				PRODUCT_BUNDLE_IDENTIFIER = com.WeatherForecastTests;
				PRODUCT_NAME = "$(TARGET_NAME)";
				SWIFT_EMIT_LOC_STRINGS = NO;
				SWIFT_VERSION = 5.0;
				TARGETED_DEVICE_FAMILY = "1,2";
				TEST_HOST = "$(BUILT_PRODUCTS_DIR)/WeatherForecast.app/$(BUNDLE_EXECUTABLE_FOLDER_PATH)/WeatherForecast";
			};
			name = Debug;
		};
		D49CA5D02BD22AAF000C36AF /* Release */ = {
			isa = XCBuildConfiguration;
			buildSettings = {
				BUNDLE_LOADER = "$(TEST_HOST)";
				CODE_SIGN_STYLE = Automatic;
				CURRENT_PROJECT_VERSION = 1;
				DEVELOPMENT_TEAM = 6XGK99YX4F;
				GENERATE_INFOPLIST_FILE = YES;
				IPHONEOS_DEPLOYMENT_TARGET = 17.4;
				MARKETING_VERSION = 1.0;
				PRODUCT_BUNDLE_IDENTIFIER = com.WeatherForecastTests;
				PRODUCT_NAME = "$(TARGET_NAME)";
				SWIFT_EMIT_LOC_STRINGS = NO;
				SWIFT_VERSION = 5.0;
				TARGETED_DEVICE_FAMILY = "1,2";
				TEST_HOST = "$(BUILT_PRODUCTS_DIR)/WeatherForecast.app/$(BUNDLE_EXECUTABLE_FOLDER_PATH)/WeatherForecast";
			};
			name = Release;
		};
/* End XCBuildConfiguration section */

/* Begin XCConfigurationList section */
		C7743D842B21C38100DF0D09 /* Build configuration list for PBXProject "WeatherForecast" */ = {
			isa = XCConfigurationList;
			buildConfigurations = (
				C7743D9B2B21C38200DF0D09 /* Debug */,
				C7743D9C2B21C38200DF0D09 /* Release */,
			);
			defaultConfigurationIsVisible = 0;
			defaultConfigurationName = Release;
		};
		C7743D9D2B21C38200DF0D09 /* Build configuration list for PBXNativeTarget "WeatherForecast" */ = {
			isa = XCConfigurationList;
			buildConfigurations = (
				C7743D9E2B21C38200DF0D09 /* Debug */,
				C7743D9F2B21C38200DF0D09 /* Release */,
			);
			defaultConfigurationIsVisible = 0;
			defaultConfigurationName = Release;
		};
		D49CA5CE2BD22AAF000C36AF /* Build configuration list for PBXNativeTarget "WeatherForecastTests" */ = {
			isa = XCConfigurationList;
			buildConfigurations = (
				D49CA5CF2BD22AAF000C36AF /* Debug */,
				D49CA5D02BD22AAF000C36AF /* Release */,
			);
			defaultConfigurationIsVisible = 0;
			defaultConfigurationName = Release;
		};
/* End XCConfigurationList section */
	};
	rootObject = C7743D812B21C38100DF0D09 /* Project object */;
}
